
Microsoft Visual Studio Solution File, Format Version 12.00
# Visual Studio 15
VisualStudioVersion = 15.0.28010.2050
MinimumVisualStudioVersion = 10.0.40219.1
Project("{FAE04EC0-301F-11D3-BF4B-00C04F79EFBC}") = "ProiectPaw", "ProiectPaw\ProiectPaw.csproj", "{F4BB5300-16C6-4AE8-8F97-B898A0D71277}"
EndProject
Global
	GlobalSection(SolutionConfigurationPlatforms) = preSolution
		Debug|Any CPU = Debug|Any CPU
		Release|Any CPU = Release|Any CPU
	EndGlobalSection
	GlobalSection(ProjectConfigurationPlatforms) = postSolution
		{F4BB5300-16C6-4AE8-8F97-B898A0D71277}.Debug|Any CPU.ActiveCfg = Debug|Any CPU
		{F4BB5300-16C6-4AE8-8F97-B898A0D71277}.Debug|Any CPU.Build.0 = Debug|Any CPU
		{F4BB5300-16C6-4AE8-8F97-B898A0D71277}.Release|Any CPU.ActiveCfg = Release|Any CPU
		{F4BB5300-16C6-4AE8-8F97-B898A0D71277}.Release|Any CPU.Build.0 = Release|Any CPU
	EndGlobalSection
	GlobalSection(SolutionProperties) = preSolution
		HideSolutionNode = FALSE
	EndGlobalSection
	GlobalSection(ExtensibilityGlobals) = postSolution
		SolutionGuid = {4EEE2BFD-7ADE-489E-A681-0235FC44E000}
	EndGlobalSection
EndGlobal
